<?xml version="1.0" encoding="utf-8"?>
<Project ToolsVersion="4.0" xmlns="http://schemas.microsoft.com/developer/msbuild/2003">
  <ItemGroup>
    <ClCompile Include="ShowOffNVSE.cpp" />
    <ClCompile Include="internal\utility.cpp">
      <Filter>internal</Filter>
    </ClCompile>
    <ClCompile Include="..\nvse\GameAPI.cpp">
      <Filter>nvse</Filter>
    </ClCompile>
    <ClCompile Include="..\nvse\GameBSExtraData.cpp">
      <Filter>nvse</Filter>
    </ClCompile>
    <ClCompile Include="..\nvse\GameData.cpp">
      <Filter>nvse</Filter>
    </ClCompile>
    <ClCompile Include="..\nvse\GameExtraData.cpp">
      <Filter>nvse</Filter>
    </ClCompile>
    <ClCompile Include="..\nvse\GameForms.cpp">
      <Filter>nvse</Filter>
    </ClCompile>
    <ClCompile Include="..\nvse\GameObjects.cpp">
      <Filter>nvse</Filter>
    </ClCompile>
    <ClCompile Include="..\nvse\GameOSDepend.cpp">
      <Filter>nvse</Filter>
    </ClCompile>
    <ClCompile Include="..\nvse\GameRTTI.cpp">
      <Filter>nvse</Filter>
    </ClCompile>
    <ClCompile Include="..\nvse\GameScript.cpp">
      <Filter>nvse</Filter>
    </ClCompile>
    <ClCompile Include="..\nvse\GameSettings.cpp">
      <Filter>nvse</Filter>
    </ClCompile>
    <ClCompile Include="..\nvse\GameTasks.cpp">
      <Filter>nvse</Filter>
    </ClCompile>
    <ClCompile Include="..\nvse\GameTiles.cpp">
      <Filter>nvse</Filter>
    </ClCompile>
    <ClCompile Include="..\nvse\GameTypes.cpp">
      <Filter>nvse</Filter>
    </ClCompile>
    <ClCompile Include="..\nvse\SafeWrite.cpp">
      <Filter>nvse</Filter>
    </ClCompile>
    <ClCompile Include="..\nvse\Utilities.cpp">
      <Filter>nvse</Filter>
    </ClCompile>
    <ClCompile Include="internal\memory_pool.cpp">
      <Filter>internal</Filter>
    </ClCompile>
    <ClCompile Include="internal\containers.cpp">
      <Filter>internal</Filter>
    </ClCompile>
    <ClCompile Include="functions\ShowOff_fn_Files.cpp">
      <Filter>functions</Filter>
    </ClCompile>
    <ClCompile Include="Hooks.cpp" />
    <ClCompile Include="internal\StewieMagic.cpp">
      <Filter>internal</Filter>
    </ClCompile>
    <ClCompile Include="internal\jip_nvse.cpp">
      <Filter>internal</Filter>
    </ClCompile>
    <ClCompile Include="internal\decoding.cpp">
      <Filter>internal</Filter>
    </ClCompile>
  </ItemGroup>
  <ItemGroup>
    <ClInclude Include="functions\ShowOff_fn_Misc.h">
      <Filter>functions</Filter>
    </ClInclude>
    <ClInclude Include="internal\containers.h">
      <Filter>internal</Filter>
    </ClInclude>
    <ClInclude Include="internal\decoding.h">
      <Filter>internal</Filter>
    </ClInclude>
    <ClInclude Include="internal\havok.h">
      <Filter>internal</Filter>
    </ClInclude>
    <ClInclude Include="internal\jip_nvse.h">
      <Filter>internal</Filter>
    </ClInclude>
    <ClInclude Include="internal\netimmerse.h">
      <Filter>internal</Filter>
    </ClInclude>
    <ClInclude Include="internal\utility.h">
      <Filter>internal</Filter>
    </ClInclude>
    <ClInclude Include="ShowOffNVSE.h" />
    <ClInclude Include="..\nvse\CommandTable.h">
      <Filter>nvse</Filter>
    </ClInclude>
    <ClInclude Include="..\nvse\GameAPI.h">
      <Filter>nvse</Filter>
    </ClInclude>
    <ClInclude Include="..\nvse\GameBSExtraData.h">
      <Filter>nvse</Filter>
    </ClInclude>
    <ClInclude Include="..\nvse\GameData.h">
      <Filter>nvse</Filter>
    </ClInclude>
    <ClInclude Include="..\nvse\GameEffects.h">
      <Filter>nvse</Filter>
    </ClInclude>
    <ClInclude Include="..\nvse\GameExtraData.h">
      <Filter>nvse</Filter>
    </ClInclude>
    <ClInclude Include="..\nvse\GameForms.h">
      <Filter>nvse</Filter>
    </ClInclude>
    <ClInclude Include="..\nvse\GameObjects.h">
      <Filter>nvse</Filter>
    </ClInclude>
    <ClInclude Include="..\nvse\GameOSDepend.h">
      <Filter>nvse</Filter>
    </ClInclude>
    <ClInclude Include="..\nvse\GameRTTI.h">
      <Filter>nvse</Filter>
    </ClInclude>
    <ClInclude Include="..\nvse\GameSettings.h">
      <Filter>nvse</Filter>
    </ClInclude>
    <ClInclude Include="..\nvse\GameTasks.h">
      <Filter>nvse</Filter>
    </ClInclude>
    <ClInclude Include="..\nvse\GameTiles.h">
      <Filter>nvse</Filter>
    </ClInclude>
    <ClInclude Include="..\nvse\GameTypes.h">
      <Filter>nvse</Filter>
    </ClInclude>
    <ClInclude Include="..\nvse\GameUI.h">
      <Filter>nvse</Filter>
    </ClInclude>
    <ClInclude Include="..\nvse\PluginAPI.h">
      <Filter>nvse</Filter>
    </ClInclude>
    <ClInclude Include="..\nvse\SafeWrite.h">
      <Filter>nvse</Filter>
    </ClInclude>
    <ClInclude Include="..\nvse\Utilities.h">
      <Filter>nvse</Filter>
    </ClInclude>
    <ClInclude Include="functions\ShowOff_fn_Settings.h">
      <Filter>functions</Filter>
    </ClInclude>
    <ClInclude Include="functions\ShowOff_fn_Gameplay.h">
      <Filter>functions</Filter>
    </ClInclude>
    <ClInclude Include="internal\NiPoint.h">
      <Filter>internal</Filter>
    </ClInclude>
    <ClInclude Include="internal\StewieMagic.h">
      <Filter>internal</Filter>
    </ClInclude>
    <ClInclude Include="..\nvse\GameProcess.h">
      <Filter>nvse</Filter>
    </ClInclude>
    <ClInclude Include="settings.h" />
    <ClInclude Include="SimpleINILibrary\SimpleIni.h">
      <Filter>SimpleINI Library</Filter>
    </ClInclude>
    <ClInclude Include="functions\ShowOff_fn_Array.h">
      <Filter>functions</Filter>
    </ClInclude>
    <ClInclude Include="functions\ShowOff_fn_Actors.h">
      <Filter>functions</Filter>
    </ClInclude>
    <ClInclude Include="functions\ShowOff_fn_Debug.h">
      <Filter>functions</Filter>
    </ClInclude>
    <ClInclude Include="Events\ShowOffEvents.h">
      <Filter>Events</Filter>
    </ClInclude>
    <ClInclude Include="Events\EventFilteringInterface.h">
      <Filter>Events</Filter>
    </ClInclude>
    <ClInclude Include="internal\memory_pool.h">
      <Filter>internal</Filter>
    </ClInclude>
    <ClInclude Include="functions\ShowOff_fn_AuxVars.h">
      <Filter>functions</Filter>
    </ClInclude>
    <ClInclude Include="internal\serialization.h">
      <Filter>internal</Filter>
    </ClInclude>
    <ClInclude Include="Events\JohnnyEventPredefinitions.h">
      <Filter>Events</Filter>
    </ClInclude>
    <ClInclude Include="Events\CustomEventFilters.h">
      <Filter>Events</Filter>
    </ClInclude>
    <ClInclude Include="functions\ShowOff_fn_Files.h">
      <Filter>functions</Filter>
    </ClInclude>
    <ClInclude Include="JSON_Library\json.h">
      <Filter>JSON Library</Filter>
    </ClInclude>
    <ClInclude Include="Hooks.h" />
    <ClInclude Include="Changelog.txt" />
    <ClInclude Include="..\nvse\ParamInfos.h">
      <Filter>nvse</Filter>
    </ClInclude>
  </ItemGroup>
  <ItemGroup>
    <None Include="exports.def" />
  </ItemGroup>
  <ItemGroup>
    <Filter Include="functions">
      <UniqueIdentifier>{71fbb74e-c6ab-4dba-8071-24f8fc6cd497}</UniqueIdentifier>
    </Filter>
    <Filter Include="nvse">
      <UniqueIdentifier>{ca229393-a8f0-4223-a170-5b66b0f03056}</UniqueIdentifier>
    </Filter>
    <Filter Include="internal">
      <UniqueIdentifier>{885b4110-ee0c-4cad-801f-10ba49d0ed4f}</UniqueIdentifier>
    </Filter>
    <Filter Include="Events">
      <UniqueIdentifier>{535a7a2d-76a8-47b7-a518-b8c645d5512e}</UniqueIdentifier>
    </Filter>
    <Filter Include="SimpleINI Library">
      <UniqueIdentifier>{a5cf6dd2-1a87-4d23-a159-50e502279200}</UniqueIdentifier>
    </Filter>
    <Filter Include="JSON Library">
      <UniqueIdentifier>{0729c7c5-ebc5-4d68-bab7-59bb7909b244}</UniqueIdentifier>
    </Filter>
  </ItemGroup>
</Project>